
Microsoft Visual Studio Solution File, Format Version 12.00
Project("{FAE04EC0-301F-11D3-BF4B-00C04F79EFBC}") = "Texnokaktus.ProgOlymp.GoogleFormsIntegrationService", "Texnokaktus.ProgOlymp.GoogleFormsIntegrationService\Texnokaktus.ProgOlymp.GoogleFormsIntegrationService.csproj", "{E3E7A527-A64B-436C-966C-41BDA8A09A9F}"
EndProject
Project("{FAE04EC0-301F-11D3-BF4B-00C04F79EFBC}") = "Texnokaktus.ProgOlymp.GoogleFormsIntegrationService.GoogleClient", "Texnokaktus.ProgOlymp.GoogleFormsIntegrationService.GoogleClient\Texnokaktus.ProgOlymp.GoogleFormsIntegrationService.GoogleClient.csproj", "{43B9F893-5285-46C9-8939-1764CFE012FF}"
EndProject
Project("{FAE04EC0-301F-11D3-BF4B-00C04F79EFBC}") = "Texnokaktus.ProgOlymp.GoogleFormsIntegrationService.Logic", "Texnokaktus.ProgOlymp.GoogleFormsIntegrationService.Logic\Texnokaktus.ProgOlymp.GoogleFormsIntegrationService.Logic.csproj", "{5A7BF995-9B7C-42A6-AE53-7BE164539B8D}"
EndProject
Project("{FAE04EC0-301F-11D3-BF4B-00C04F79EFBC}") = "Texnokaktus.ProgOlymp.GoogleFormsIntegrationService.Options", "Texnokaktus.ProgOlymp.GoogleFormsIntegrationService.Options\Texnokaktus.ProgOlymp.GoogleFormsIntegrationService.Options.csproj", "{27FAECE9-BC12-4B40-A250-55966F4DE251}"
EndProject
Project("{2150E333-8FDC-42A3-9474-1A3956D46DE8}") = "Common", "Common", "{5A5B09E4-711E-4EA3-B6DC-38B707CF3BA3}"
EndProject
Project("{FAE04EC0-301F-11D3-BF4B-00C04F79EFBC}") = "Texnokaktus.ProgOlymp.Common.Contracts", "modules\Common.Contracts\Texnokaktus.ProgOlymp.Common.Contracts\Texnokaktus.ProgOlymp.Common.Contracts.csproj", "{41B315CF-6610-4A4D-A024-762BB1E154E5}"
EndProject
Project("{FAE04EC0-301F-11D3-BF4B-00C04F79EFBC}") = "Texnokaktus.ProgOlymp.GoogleFormsIntegrationService.DataAccess", "Texnokaktus.ProgOlymp.GoogleFormsIntegrationService.DataAccess\Texnokaktus.ProgOlymp.GoogleFormsIntegrationService.DataAccess.csproj", "{96B18BF1-5FC0-4256-8BEC-741FAEB6D339}"
EndProject
Global
	GlobalSection(SolutionConfigurationPlatforms) = preSolution
		Debug|Any CPU = Debug|Any CPU
		Release|Any CPU = Release|Any CPU
	EndGlobalSection
	GlobalSection(ProjectConfigurationPlatforms) = postSolution
		{E3E7A527-A64B-436C-966C-41BDA8A09A9F}.Debug|Any CPU.ActiveCfg = Debug|Any CPU
		{E3E7A527-A64B-436C-966C-41BDA8A09A9F}.Debug|Any CPU.Build.0 = Debug|Any CPU
		{E3E7A527-A64B-436C-966C-41BDA8A09A9F}.Release|Any CPU.ActiveCfg = Release|Any CPU
		{E3E7A527-A64B-436C-966C-41BDA8A09A9F}.Release|Any CPU.Build.0 = Release|Any CPU
		{43B9F893-5285-46C9-8939-1764CFE012FF}.Debug|Any CPU.ActiveCfg = Debug|Any CPU
		{43B9F893-5285-46C9-8939-1764CFE012FF}.Debug|Any CPU.Build.0 = Debug|Any CPU
		{43B9F893-5285-46C9-8939-1764CFE012FF}.Release|Any CPU.ActiveCfg = Release|Any CPU
		{43B9F893-5285-46C9-8939-1764CFE012FF}.Release|Any CPU.Build.0 = Release|Any CPU
		{5A7BF995-9B7C-42A6-AE53-7BE164539B8D}.Debug|Any CPU.ActiveCfg = Debug|Any CPU
		{5A7BF995-9B7C-42A6-AE53-7BE164539B8D}.Debug|Any CPU.Build.0 = Debug|Any CPU
		{5A7BF995-9B7C-42A6-AE53-7BE164539B8D}.Release|Any CPU.ActiveCfg = Release|Any CPU
		{5A7BF995-9B7C-42A6-AE53-7BE164539B8D}.Release|Any CPU.Build.0 = Release|Any CPU
		{27FAECE9-BC12-4B40-A250-55966F4DE251}.Debug|Any CPU.ActiveCfg = Debug|Any CPU
		{27FAECE9-BC12-4B40-A250-55966F4DE251}.Debug|Any CPU.Build.0 = Debug|Any CPU
		{27FAECE9-BC12-4B40-A250-55966F4DE251}.Release|Any CPU.ActiveCfg = Release|Any CPU
		{27FAECE9-BC12-4B40-A250-55966F4DE251}.Release|Any CPU.Build.0 = Release|Any CPU
		{41B315CF-6610-4A4D-A024-762BB1E154E5}.Debug|Any CPU.ActiveCfg = Debug|Any CPU
		{41B315CF-6610-4A4D-A024-762BB1E154E5}.Debug|Any CPU.Build.0 = Debug|Any CPU
		{41B315CF-6610-4A4D-A024-762BB1E154E5}.Release|Any CPU.ActiveCfg = Release|Any CPU
		{41B315CF-6610-4A4D-A024-762BB1E154E5}.Release|Any CPU.Build.0 = Release|Any CPU
		{96B18BF1-5FC0-4256-8BEC-741FAEB6D339}.Debug|Any CPU.ActiveCfg = Debug|Any CPU
		{96B18BF1-5FC0-4256-8BEC-741FAEB6D339}.Debug|Any CPU.Build.0 = Debug|Any CPU
		{96B18BF1-5FC0-4256-8BEC-741FAEB6D339}.Release|Any CPU.ActiveCfg = Release|Any CPU
		{96B18BF1-5FC0-4256-8BEC-741FAEB6D339}.Release|Any CPU.Build.0 = Release|Any CPU
	EndGlobalSection
	GlobalSection(NestedProjects) = preSolution
		{41B315CF-6610-4A4D-A024-762BB1E154E5} = {5A5B09E4-711E-4EA3-B6DC-38B707CF3BA3}
	EndGlobalSection
EndGlobal
